
Microsoft Visual Studio Solution File, Format Version 12.00
# Visual Studio Version 16
VisualStudioVersion = 16.0.29609.76
MinimumVisualStudioVersion = 10.0.40219.1
Project("{9A19103F-16F7-4668-BE54-9A1E7A4F7556}") = "KdyWeb.NetCore", "KdyWeb.NetCore\KdyWeb.NetCore.csproj", "{E1D23B7E-989F-40A8-B911-6E104CA178C3}"
EndProject
Project("{2150E333-8FDC-42A3-9474-1A3956D46DE8}") = "0.Interface", "0.Interface", "{B165F07F-7447-4CFA-9DC8-310F981D4193}"
EndProject
Project("{2150E333-8FDC-42A3-9474-1A3956D46DE8}") = "1.Utility", "1.Utility", "{85897962-185C-4CC2-A782-2840886FFD21}"
EndProject
Project("{2150E333-8FDC-42A3-9474-1A3956D46DE8}") = "2.DbFramework", "2.DbFramework", "{1A07C1DD-510C-4B92-A64F-B6E7D5B94B57}"
EndProject
Project("{2150E333-8FDC-42A3-9474-1A3956D46DE8}") = "3.Service", "3.Service", "{477E0FF4-E622-4E13-BE93-AE6C2D89EAB4}"
EndProject
Project("{9A19103F-16F7-4668-BE54-9A1E7A4F7556}") = "KdyWeb.BaseInterface", "KdyWeb.BaseInterface\KdyWeb.BaseInterface.csproj", "{76EC781E-0ECD-4F54-A73D-9D75CFD93A3F}"
EndProject
Project("{9A19103F-16F7-4668-BE54-9A1E7A4F7556}") = "KdyWeb.Utility", "KdyWeb.Utility\KdyWeb.Utility.csproj", "{9EF2B0CB-8592-4550-ABBF-45D442590929}"
EndProject
Project("{9A19103F-16F7-4668-BE54-9A1E7A4F7556}") = "KdyWeb.Entity", "KdyWeb.Entity\KdyWeb.Entity.csproj", "{6AB6A6AB-8899-4F24-9F5B-5CFA7716BD1C}"
EndProject
Project("{9A19103F-16F7-4668-BE54-9A1E7A4F7556}") = "KdyWeb.EntityFramework", "KdyWeb.EntityFramework\KdyWeb.EntityFramework.csproj", "{CB9B17CF-C52C-42A9-AC8E-93D7A77A2A2F}"
EndProject
Project("{9A19103F-16F7-4668-BE54-9A1E7A4F7556}") = "KdyWeb.IRepository", "KdyWeb.IRepository\KdyWeb.IRepository.csproj", "{3BA5FBC8-6A1B-4226-BE79-F4C611DA96F3}"
EndProject
Project("{9A19103F-16F7-4668-BE54-9A1E7A4F7556}") = "KdyWeb.Repository", "KdyWeb.Repository\KdyWeb.Repository.csproj", "{19BF65B0-1C1B-4AF8-A831-272721C5F83E}"
EndProject
Project("{9A19103F-16F7-4668-BE54-9A1E7A4F7556}") = "KdyWeb.IService", "KdyWeb.IService\KdyWeb.IService.csproj", "{A3E41576-E084-4D77-A6EB-B39EE31C7D50}"
EndProject
Project("{9A19103F-16F7-4668-BE54-9A1E7A4F7556}") = "KdyWeb.Service", "KdyWeb.Service\KdyWeb.Service.csproj", "{41488220-9060-4E66-BDD9-8B934D82D4A0}"
EndProject
Project("{9A19103F-16F7-4668-BE54-9A1E7A4F7556}") = "KdyWeb.Dto", "KdyWeb.Dto\KdyWeb.Dto.csproj", "{2BB73015-0464-4539-AD40-3F70CF7046ED}"
EndProject
Project("{2150E333-8FDC-42A3-9474-1A3956D46DE8}") = "4.Kdy.Project", "4.Kdy.Project", "{3F234AA6-2960-4971-B811-3EED82B423DC}"
EndProject
Project("{9A19103F-16F7-4668-BE54-9A1E7A4F7556}") = "KdyWeb.Job", "KdyWeb.Job\KdyWeb.Job.csproj", "{36EF482B-785A-45CB-A7D2-5D138F1380AC}"
EndProject
Project("{2150E333-8FDC-42A3-9474-1A3956D46DE8}") = "5.Kdy.Old", "5.Kdy.Old", "{167F0B59-ABCB-48FD-BF4C-B7972E04F467}"
EndProject
Project("{9A19103F-16F7-4668-BE54-9A1E7A4F7556}") = "Kdy.StandardJob", "Kdy.StandardJob\Kdy.StandardJob.csproj", "{64D3C6DA-E2A1-4655-82E7-B3AF456F5F23}"
EndProject
Project("{2150E333-8FDC-42A3-9474-1A3956D46DE8}") = "7.Test", "7.Test", "{9AD0B846-8648-46A9-9E1B-6EC52BBE42AE}"
EndProject
Project("{9A19103F-16F7-4668-BE54-9A1E7A4F7556}") = "KdyWeb.MiniProfiler", "KdyWeb.MiniProfiler\KdyWeb.MiniProfiler.csproj", "{6AD19BEC-CBD7-477C-AFA4-4530C954CFE9}"
EndProject
Project("{9A19103F-16F7-4668-BE54-9A1E7A4F7556}") = "KdyWeb.VideoPlay", "KdyWeb.VideoPlay\KdyWeb.VideoPlay.csproj", "{A504B41E-BE73-4777-906C-631EB11DEC38}"
EndProject
Project("{9A19103F-16F7-4668-BE54-9A1E7A4F7556}") = "KdyWeb.WebParse", "KdyWeb.WebParse\KdyWeb.WebParse.csproj", "{7AF99B84-BF65-48D7-98EE-FDA92EAA86E8}"
EndProject
Project("{9A19103F-16F7-4668-BE54-9A1E7A4F7556}") = "KdyWeb.PageParse", "KdyWeb.PageParse\KdyWeb.PageParse.csproj", "{E3B8FDB7-DB97-4333-9095-2172F8188414}"
EndProject
Project("{2150E333-8FDC-42A3-9474-1A3956D46DE8}") = "6.KdyWeb.Plug", "6.KdyWeb.Plug", "{D13487CA-FA4D-44E1-B76B-134B39135441}"
EndProject
Project("{9A19103F-16F7-4668-BE54-9A1E7A4F7556}") = "KdyWeb.Test", "..\test\KdyWeb.Test\KdyWeb.Test.csproj", "{35EBD756-D99B-47B9-9578-634A0D35598A}"
EndProject
Project("{9A19103F-16F7-4668-BE54-9A1E7A4F7556}") = "KdyWeb.CloudParse", "KdyWeb.CloudParse\KdyWeb.CloudParse.csproj", "{FDAC5190-9D54-4501-ACA8-45AF4B748543}"
EndProject
Project("{FAE04EC0-301F-11D3-BF4B-00C04F79EFBC}") = "KdyWeb.CloudParseApi", "KdyWeb.CloudParseApi\KdyWeb.CloudParseApi.csproj", "{3BB619E8-72F7-49C0-8689-8635AA976EC3}"
EndProject
Global
	GlobalSection(SolutionConfigurationPlatforms) = preSolution
		Debug|Any CPU = Debug|Any CPU
		Release|Any CPU = Release|Any CPU
	EndGlobalSection
	GlobalSection(ProjectConfigurationPlatforms) = postSolution
		{E1D23B7E-989F-40A8-B911-6E104CA178C3}.Debug|Any CPU.ActiveCfg = Debug|Any CPU
		{E1D23B7E-989F-40A8-B911-6E104CA178C3}.Debug|Any CPU.Build.0 = Debug|Any CPU
		{E1D23B7E-989F-40A8-B911-6E104CA178C3}.Release|Any CPU.ActiveCfg = Release|Any CPU
		{E1D23B7E-989F-40A8-B911-6E104CA178C3}.Release|Any CPU.Build.0 = Release|Any CPU
		{76EC781E-0ECD-4F54-A73D-9D75CFD93A3F}.Debug|Any CPU.ActiveCfg = Debug|Any CPU
		{76EC781E-0ECD-4F54-A73D-9D75CFD93A3F}.Debug|Any CPU.Build.0 = Debug|Any CPU
		{76EC781E-0ECD-4F54-A73D-9D75CFD93A3F}.Release|Any CPU.ActiveCfg = Release|Any CPU
		{76EC781E-0ECD-4F54-A73D-9D75CFD93A3F}.Release|Any CPU.Build.0 = Release|Any CPU
		{9EF2B0CB-8592-4550-ABBF-45D442590929}.Debug|Any CPU.ActiveCfg = Debug|Any CPU
		{9EF2B0CB-8592-4550-ABBF-45D442590929}.Debug|Any CPU.Build.0 = Debug|Any CPU
		{9EF2B0CB-8592-4550-ABBF-45D442590929}.Release|Any CPU.ActiveCfg = Release|Any CPU
		{9EF2B0CB-8592-4550-ABBF-45D442590929}.Release|Any CPU.Build.0 = Release|Any CPU
		{6AB6A6AB-8899-4F24-9F5B-5CFA7716BD1C}.Debug|Any CPU.ActiveCfg = Debug|Any CPU
		{6AB6A6AB-8899-4F24-9F5B-5CFA7716BD1C}.Debug|Any CPU.Build.0 = Debug|Any CPU
		{6AB6A6AB-8899-4F24-9F5B-5CFA7716BD1C}.Release|Any CPU.ActiveCfg = Release|Any CPU
		{6AB6A6AB-8899-4F24-9F5B-5CFA7716BD1C}.Release|Any CPU.Build.0 = Release|Any CPU
		{CB9B17CF-C52C-42A9-AC8E-93D7A77A2A2F}.Debug|Any CPU.ActiveCfg = Debug|Any CPU
		{CB9B17CF-C52C-42A9-AC8E-93D7A77A2A2F}.Debug|Any CPU.Build.0 = Debug|Any CPU
		{CB9B17CF-C52C-42A9-AC8E-93D7A77A2A2F}.Release|Any CPU.ActiveCfg = Release|Any CPU
		{CB9B17CF-C52C-42A9-AC8E-93D7A77A2A2F}.Release|Any CPU.Build.0 = Release|Any CPU
		{3BA5FBC8-6A1B-4226-BE79-F4C611DA96F3}.Debug|Any CPU.ActiveCfg = Debug|Any CPU
		{3BA5FBC8-6A1B-4226-BE79-F4C611DA96F3}.Debug|Any CPU.Build.0 = Debug|Any CPU
		{3BA5FBC8-6A1B-4226-BE79-F4C611DA96F3}.Release|Any CPU.ActiveCfg = Release|Any CPU
		{3BA5FBC8-6A1B-4226-BE79-F4C611DA96F3}.Release|Any CPU.Build.0 = Release|Any CPU
		{19BF65B0-1C1B-4AF8-A831-272721C5F83E}.Debug|Any CPU.ActiveCfg = Debug|Any CPU
		{19BF65B0-1C1B-4AF8-A831-272721C5F83E}.Debug|Any CPU.Build.0 = Debug|Any CPU
		{19BF65B0-1C1B-4AF8-A831-272721C5F83E}.Release|Any CPU.ActiveCfg = Release|Any CPU
		{19BF65B0-1C1B-4AF8-A831-272721C5F83E}.Release|Any CPU.Build.0 = Release|Any CPU
		{A3E41576-E084-4D77-A6EB-B39EE31C7D50}.Debug|Any CPU.ActiveCfg = Debug|Any CPU
		{A3E41576-E084-4D77-A6EB-B39EE31C7D50}.Debug|Any CPU.Build.0 = Debug|Any CPU
		{A3E41576-E084-4D77-A6EB-B39EE31C7D50}.Release|Any CPU.ActiveCfg = Release|Any CPU
		{A3E41576-E084-4D77-A6EB-B39EE31C7D50}.Release|Any CPU.Build.0 = Release|Any CPU
		{41488220-9060-4E66-BDD9-8B934D82D4A0}.Debug|Any CPU.ActiveCfg = Debug|Any CPU
		{41488220-9060-4E66-BDD9-8B934D82D4A0}.Debug|Any CPU.Build.0 = Debug|Any CPU
		{41488220-9060-4E66-BDD9-8B934D82D4A0}.Release|Any CPU.ActiveCfg = Release|Any CPU
		{41488220-9060-4E66-BDD9-8B934D82D4A0}.Release|Any CPU.Build.0 = Release|Any CPU
		{2BB73015-0464-4539-AD40-3F70CF7046ED}.Debug|Any CPU.ActiveCfg = Debug|Any CPU
		{2BB73015-0464-4539-AD40-3F70CF7046ED}.Debug|Any CPU.Build.0 = Debug|Any CPU
		{2BB73015-0464-4539-AD40-3F70CF7046ED}.Release|Any CPU.ActiveCfg = Release|Any CPU
		{2BB73015-0464-4539-AD40-3F70CF7046ED}.Release|Any CPU.Build.0 = Release|Any CPU
		{36EF482B-785A-45CB-A7D2-5D138F1380AC}.Debug|Any CPU.ActiveCfg = Debug|Any CPU
		{36EF482B-785A-45CB-A7D2-5D138F1380AC}.Debug|Any CPU.Build.0 = Debug|Any CPU
		{36EF482B-785A-45CB-A7D2-5D138F1380AC}.Release|Any CPU.ActiveCfg = Release|Any CPU
		{36EF482B-785A-45CB-A7D2-5D138F1380AC}.Release|Any CPU.Build.0 = Release|Any CPU
		{64D3C6DA-E2A1-4655-82E7-B3AF456F5F23}.Debug|Any CPU.ActiveCfg = Debug|Any CPU
		{64D3C6DA-E2A1-4655-82E7-B3AF456F5F23}.Debug|Any CPU.Build.0 = Debug|Any CPU
		{64D3C6DA-E2A1-4655-82E7-B3AF456F5F23}.Release|Any CPU.ActiveCfg = Release|Any CPU
		{64D3C6DA-E2A1-4655-82E7-B3AF456F5F23}.Release|Any CPU.Build.0 = Release|Any CPU
		{6AD19BEC-CBD7-477C-AFA4-4530C954CFE9}.Debug|Any CPU.ActiveCfg = Debug|Any CPU
		{6AD19BEC-CBD7-477C-AFA4-4530C954CFE9}.Debug|Any CPU.Build.0 = Debug|Any CPU
		{6AD19BEC-CBD7-477C-AFA4-4530C954CFE9}.Release|Any CPU.ActiveCfg = Release|Any CPU
		{6AD19BEC-CBD7-477C-AFA4-4530C954CFE9}.Release|Any CPU.Build.0 = Release|Any CPU
		{A504B41E-BE73-4777-906C-631EB11DEC38}.Debug|Any CPU.ActiveCfg = Debug|Any CPU
		{A504B41E-BE73-4777-906C-631EB11DEC38}.Debug|Any CPU.Build.0 = Debug|Any CPU
		{A504B41E-BE73-4777-906C-631EB11DEC38}.Release|Any CPU.ActiveCfg = Release|Any CPU
		{A504B41E-BE73-4777-906C-631EB11DEC38}.Release|Any CPU.Build.0 = Release|Any CPU
		{7AF99B84-BF65-48D7-98EE-FDA92EAA86E8}.Debug|Any CPU.ActiveCfg = Debug|Any CPU
		{7AF99B84-BF65-48D7-98EE-FDA92EAA86E8}.Debug|Any CPU.Build.0 = Debug|Any CPU
		{7AF99B84-BF65-48D7-98EE-FDA92EAA86E8}.Release|Any CPU.ActiveCfg = Release|Any CPU
		{7AF99B84-BF65-48D7-98EE-FDA92EAA86E8}.Release|Any CPU.Build.0 = Release|Any CPU
		{E3B8FDB7-DB97-4333-9095-2172F8188414}.Debug|Any CPU.ActiveCfg = Debug|Any CPU
		{E3B8FDB7-DB97-4333-9095-2172F8188414}.Debug|Any CPU.Build.0 = Debug|Any CPU
		{E3B8FDB7-DB97-4333-9095-2172F8188414}.Release|Any CPU.ActiveCfg = Release|Any CPU
		{E3B8FDB7-DB97-4333-9095-2172F8188414}.Release|Any CPU.Build.0 = Release|Any CPU
		{35EBD756-D99B-47B9-9578-634A0D35598A}.Debug|Any CPU.ActiveCfg = Debug|Any CPU
		{35EBD756-D99B-47B9-9578-634A0D35598A}.Debug|Any CPU.Build.0 = Debug|Any CPU
		{35EBD756-D99B-47B9-9578-634A0D35598A}.Release|Any CPU.ActiveCfg = Release|Any CPU
		{35EBD756-D99B-47B9-9578-634A0D35598A}.Release|Any CPU.Build.0 = Release|Any CPU
		{FDAC5190-9D54-4501-ACA8-45AF4B748543}.Debug|Any CPU.ActiveCfg = Debug|Any CPU
		{FDAC5190-9D54-4501-ACA8-45AF4B748543}.Debug|Any CPU.Build.0 = Debug|Any CPU
		{FDAC5190-9D54-4501-ACA8-45AF4B748543}.Release|Any CPU.ActiveCfg = Release|Any CPU
		{FDAC5190-9D54-4501-ACA8-45AF4B748543}.Release|Any CPU.Build.0 = Release|Any CPU
		{3BB619E8-72F7-49C0-8689-8635AA976EC3}.Debug|Any CPU.ActiveCfg = Debug|Any CPU
		{3BB619E8-72F7-49C0-8689-8635AA976EC3}.Debug|Any CPU.Build.0 = Debug|Any CPU
		{3BB619E8-72F7-49C0-8689-8635AA976EC3}.Release|Any CPU.ActiveCfg = Release|Any CPU
		{3BB619E8-72F7-49C0-8689-8635AA976EC3}.Release|Any CPU.Build.0 = Release|Any CPU
	EndGlobalSection
	GlobalSection(SolutionProperties) = preSolution
		HideSolutionNode = FALSE
	EndGlobalSection
	GlobalSection(NestedProjects) = preSolution
		{E1D23B7E-989F-40A8-B911-6E104CA178C3} = {3F234AA6-2960-4971-B811-3EED82B423DC}
		{76EC781E-0ECD-4F54-A73D-9D75CFD93A3F} = {B165F07F-7447-4CFA-9DC8-310F981D4193}
		{9EF2B0CB-8592-4550-ABBF-45D442590929} = {85897962-185C-4CC2-A782-2840886FFD21}
		{6AB6A6AB-8899-4F24-9F5B-5CFA7716BD1C} = {1A07C1DD-510C-4B92-A64F-B6E7D5B94B57}
		{CB9B17CF-C52C-42A9-AC8E-93D7A77A2A2F} = {1A07C1DD-510C-4B92-A64F-B6E7D5B94B57}
		{3BA5FBC8-6A1B-4226-BE79-F4C611DA96F3} = {1A07C1DD-510C-4B92-A64F-B6E7D5B94B57}
		{19BF65B0-1C1B-4AF8-A831-272721C5F83E} = {1A07C1DD-510C-4B92-A64F-B6E7D5B94B57}
		{A3E41576-E084-4D77-A6EB-B39EE31C7D50} = {477E0FF4-E622-4E13-BE93-AE6C2D89EAB4}
		{41488220-9060-4E66-BDD9-8B934D82D4A0} = {477E0FF4-E622-4E13-BE93-AE6C2D89EAB4}
		{36EF482B-785A-45CB-A7D2-5D138F1380AC} = {3F234AA6-2960-4971-B811-3EED82B423DC}
		{64D3C6DA-E2A1-4655-82E7-B3AF456F5F23} = {167F0B59-ABCB-48FD-BF4C-B7972E04F467}
		{6AD19BEC-CBD7-477C-AFA4-4530C954CFE9} = {B165F07F-7447-4CFA-9DC8-310F981D4193}
		{A504B41E-BE73-4777-906C-631EB11DEC38} = {3F234AA6-2960-4971-B811-3EED82B423DC}
		{7AF99B84-BF65-48D7-98EE-FDA92EAA86E8} = {D13487CA-FA4D-44E1-B76B-134B39135441}
		{E3B8FDB7-DB97-4333-9095-2172F8188414} = {D13487CA-FA4D-44E1-B76B-134B39135441}
		{35EBD756-D99B-47B9-9578-634A0D35598A} = {9AD0B846-8648-46A9-9E1B-6EC52BBE42AE}
		{FDAC5190-9D54-4501-ACA8-45AF4B748543} = {D13487CA-FA4D-44E1-B76B-134B39135441}
		{3BB619E8-72F7-49C0-8689-8635AA976EC3} = {3F234AA6-2960-4971-B811-3EED82B423DC}
	EndGlobalSection
	GlobalSection(ExtensibilityGlobals) = postSolution
		SolutionGuid = {9CD405AE-02EF-4F3C-B7B2-3325ECA265D3}
	EndGlobalSection
EndGlobal
